
Microsoft Visual Studio Solution File, Format Version 12.00
# Visual Studio Version 17
VisualStudioVersion = 17.6.33723.286
MinimumVisualStudioVersion = 10.0.40219.1
Project("{FAE04EC0-301F-11D3-BF4B-00C04F79EFBC}") = "PedPizzaApplication", "PedPizzaApplication\PedPizzaApplication.csproj", "{B698992F-2CEE-4280-9AFA-8C73BD9AA8FF}"
EndProject
Global
	GlobalSection(SolutionConfigurationPlatforms) = preSolution
		Debug|Any CPU = Debug|Any CPU
		Release|Any CPU = Release|Any CPU
	EndGlobalSection
	GlobalSection(ProjectConfigurationPlatforms) = postSolution
		{B698992F-2CEE-4280-9AFA-8C73BD9AA8FF}.Debug|Any CPU.ActiveCfg = Debug|Any CPU
		{B698992F-2CEE-4280-9AFA-8C73BD9AA8FF}.Debug|Any CPU.Build.0 = Debug|Any CPU
		{B698992F-2CEE-4280-9AFA-8C73BD9AA8FF}.Release|Any CPU.ActiveCfg = Release|Any CPU
		{B698992F-2CEE-4280-9AFA-8C73BD9AA8FF}.Release|Any CPU.Build.0 = Release|Any CPU
	EndGlobalSection
	GlobalSection(SolutionProperties) = preSolution
		HideSolutionNode = FALSE
	EndGlobalSection
	GlobalSection(ExtensibilityGlobals) = postSolution
		SolutionGuid = {3B89CB1E-8A69-42A9-868E-19E3CDFA542F}
	EndGlobalSection
EndGlobal
